
Microsoft Visual Studio Solution File, Format Version 12.00
# Visual Studio Version 17
VisualStudioVersion = 17.3.32922.545
MinimumVisualStudioVersion = 10.0.40219.1
Project("{FAE04EC0-301F-11D3-BF4B-00C04F79EFBC}") = "WinFormsApp1", "WinFormsApp1\WinFormsApp1.csproj", "{2978F6F8-961F-430B-9724-C6641EA9A6F6}"
EndProject
Project("{FAE04EC0-301F-11D3-BF4B-00C04F79EFBC}") = "TestProject1", "TestProject1\TestProject1.csproj", "{01BA7485-B2EE-4AE5-A756-96CD9021F9D5}"
EndProject
Global
	GlobalSection(SolutionConfigurationPlatforms) = preSolution
		Debug|Any CPU = Debug|Any CPU
		Release|Any CPU = Release|Any CPU
	EndGlobalSection
	GlobalSection(ProjectConfigurationPlatforms) = postSolution
		{2978F6F8-961F-430B-9724-C6641EA9A6F6}.Debug|Any CPU.ActiveCfg = Debug|Any CPU
		{2978F6F8-961F-430B-9724-C6641EA9A6F6}.Debug|Any CPU.Build.0 = Debug|Any CPU
		{2978F6F8-961F-430B-9724-C6641EA9A6F6}.Release|Any CPU.ActiveCfg = Release|Any CPU
		{2978F6F8-961F-430B-9724-C6641EA9A6F6}.Release|Any CPU.Build.0 = Release|Any CPU
		{01BA7485-B2EE-4AE5-A756-96CD9021F9D5}.Debug|Any CPU.ActiveCfg = Debug|Any CPU
		{01BA7485-B2EE-4AE5-A756-96CD9021F9D5}.Debug|Any CPU.Build.0 = Debug|Any CPU
		{01BA7485-B2EE-4AE5-A756-96CD9021F9D5}.Release|Any CPU.ActiveCfg = Release|Any CPU
		{01BA7485-B2EE-4AE5-A756-96CD9021F9D5}.Release|Any CPU.Build.0 = Release|Any CPU
	EndGlobalSection
	GlobalSection(SolutionProperties) = preSolution
		HideSolutionNode = FALSE
	EndGlobalSection
	GlobalSection(ExtensibilityGlobals) = postSolution
		SolutionGuid = {C585C672-177B-4340-BC05-E163719688F7}
	EndGlobalSection
EndGlobal
