
Microsoft Visual Studio Solution File, Format Version 12.00
# Visual Studio Version 17
VisualStudioVersion = 17.3.32922.545
MinimumVisualStudioVersion = 10.0.40219.1
Project("{FAE04EC0-301F-11D3-BF4B-00C04F79EFBC}") = "ClasePresencial", "ClasePresencial\ClasePresencial.csproj", "{FF696A6F-96ED-4D58-A302-636000797C09}"
EndProject
Global
	GlobalSection(SolutionConfigurationPlatforms) = preSolution
		Debug|Any CPU = Debug|Any CPU
		Release|Any CPU = Release|Any CPU
	EndGlobalSection
	GlobalSection(ProjectConfigurationPlatforms) = postSolution
		{FF696A6F-96ED-4D58-A302-636000797C09}.Debug|Any CPU.ActiveCfg = Debug|Any CPU
		{FF696A6F-96ED-4D58-A302-636000797C09}.Debug|Any CPU.Build.0 = Debug|Any CPU
		{FF696A6F-96ED-4D58-A302-636000797C09}.Release|Any CPU.ActiveCfg = Release|Any CPU
		{FF696A6F-96ED-4D58-A302-636000797C09}.Release|Any CPU.Build.0 = Release|Any CPU
	EndGlobalSection
	GlobalSection(SolutionProperties) = preSolution
		HideSolutionNode = FALSE
	EndGlobalSection
	GlobalSection(ExtensibilityGlobals) = postSolution
		SolutionGuid = {E1DC671B-90BE-4A57-BEA0-48F2891249E2}
	EndGlobalSection
EndGlobal
